<Solution>
  <Project Path="../../../../../../dot-net/LPUMgmtSystem/LPUException/LPU_Exception.csproj" />
  <Project Path="../../../../../../dot-net/LPUMgmtSystem/LPU_BL/LPU_BL.csproj" />
  <Project Path="../../../../../../dot-net/LPUMgmtSystem/LPU_DAL/LPU_DAL.csproj" />
  <Project Path="../../../../../../dot-net/LPUMgmtSystem/LPU_Entity/LPU_Entity.csproj" />
  <Project Path="../../../../../../dot-net/LPUMgmtSystem/LPU_UI/LPU_UI.csproj" />
</Solution>
