Microsoft Visual Studio Solution File, Format Version 12.00
# Visual Studio Version 17
VisualStudioVersion = 17.5.2.0
MinimumVisualStudioVersion = 10.0.40219.1
Project("{FAE04EC0-301F-11D3-BF4B-00C04F79EFBC}") = "CakeWorldApp", "CakeWorldApp.csproj", "{FD87FB63-0608-9520-7369-AFF9055DA54A}"
EndProject
Global
	GlobalSection(SolutionConfigurationPlatforms) = preSolution
		Debug|Any CPU = Debug|Any CPU
		Release|Any CPU = Release|Any CPU
	EndGlobalSection
	GlobalSection(ProjectConfigurationPlatforms) = postSolution
		{FD87FB63-0608-9520-7369-AFF9055DA54A}.Debug|Any CPU.ActiveCfg = Debug|Any CPU
		{FD87FB63-0608-9520-7369-AFF9055DA54A}.Debug|Any CPU.Build.0 = Debug|Any CPU
		{FD87FB63-0608-9520-7369-AFF9055DA54A}.Release|Any CPU.ActiveCfg = Release|Any CPU
		{FD87FB63-0608-9520-7369-AFF9055DA54A}.Release|Any CPU.Build.0 = Release|Any CPU
	EndGlobalSection
	GlobalSection(SolutionProperties) = preSolution
		HideSolutionNode = FALSE
	EndGlobalSection
	GlobalSection(ExtensibilityGlobals) = postSolution
		SolutionGuid = {A0CA1DE2-54E8-4AA1-BA4B-4D86CC683275}
	EndGlobalSection
EndGlobal
