Microsoft Visual Studio Solution File, Format Version 12.00
# Visual Studio Version 17
VisualStudioVersion = 17.5.2.0
MinimumVisualStudioVersion = 10.0.40219.1
Project("{FAE04EC0-301F-11D3-BF4B-00C04F79EFBC}") = "ECommerceShoppingCart", "ECommerceShoppingCart.csproj", "{DB0EAC5D-48DD-B229-63E8-850505E9A520}"
EndProject
Global
	GlobalSection(SolutionConfigurationPlatforms) = preSolution
		Debug|Any CPU = Debug|Any CPU
		Release|Any CPU = Release|Any CPU
	EndGlobalSection
	GlobalSection(ProjectConfigurationPlatforms) = postSolution
		{DB0EAC5D-48DD-B229-63E8-850505E9A520}.Debug|Any CPU.ActiveCfg = Debug|Any CPU
		{DB0EAC5D-48DD-B229-63E8-850505E9A520}.Debug|Any CPU.Build.0 = Debug|Any CPU
		{DB0EAC5D-48DD-B229-63E8-850505E9A520}.Release|Any CPU.ActiveCfg = Release|Any CPU
		{DB0EAC5D-48DD-B229-63E8-850505E9A520}.Release|Any CPU.Build.0 = Release|Any CPU
	EndGlobalSection
	GlobalSection(SolutionProperties) = preSolution
		HideSolutionNode = FALSE
	EndGlobalSection
	GlobalSection(ExtensibilityGlobals) = postSolution
		SolutionGuid = {0EF993EB-8174-4AD2-944D-274FB65ACD30}
	EndGlobalSection
EndGlobal
