Microsoft Visual Studio Solution File, Format Version 12.00
# Visual Studio Version 17
VisualStudioVersion = 17.5.2.0
MinimumVisualStudioVersion = 10.0.40219.1
Project("{FAE04EC0-301F-11D3-BF4B-00C04F79EFBC}") = "InterfacePrac", "InterfacePrac.csproj", "{061EA3FB-382E-381E-1535-A736222DEA95}"
EndProject
Global
	GlobalSection(SolutionConfigurationPlatforms) = preSolution
		Debug|Any CPU = Debug|Any CPU
		Release|Any CPU = Release|Any CPU
	EndGlobalSection
	GlobalSection(ProjectConfigurationPlatforms) = postSolution
		{061EA3FB-382E-381E-1535-A736222DEA95}.Debug|Any CPU.ActiveCfg = Debug|Any CPU
		{061EA3FB-382E-381E-1535-A736222DEA95}.Debug|Any CPU.Build.0 = Debug|Any CPU
		{061EA3FB-382E-381E-1535-A736222DEA95}.Release|Any CPU.ActiveCfg = Release|Any CPU
		{061EA3FB-382E-381E-1535-A736222DEA95}.Release|Any CPU.Build.0 = Release|Any CPU
	EndGlobalSection
	GlobalSection(SolutionProperties) = preSolution
		HideSolutionNode = FALSE
	EndGlobalSection
	GlobalSection(ExtensibilityGlobals) = postSolution
		SolutionGuid = {CB0B6591-00CF-466A-978B-0F704E144DBE}
	EndGlobalSection
EndGlobal
