Microsoft Visual Studio Solution File, Format Version 12.00
# Visual Studio Version 17
VisualStudioVersion = 17.5.2.0
MinimumVisualStudioVersion = 10.0.40219.1
Project("{FAE04EC0-301F-11D3-BF4B-00C04F79EFBC}") = "Q6_UserAuthentication", "Q6_UserAuthentication.csproj", "{1C8F77BD-BBB6-A96E-2690-26EFA885904A}"
EndProject
Global
	GlobalSection(SolutionConfigurationPlatforms) = preSolution
		Debug|Any CPU = Debug|Any CPU
		Release|Any CPU = Release|Any CPU
	EndGlobalSection
	GlobalSection(ProjectConfigurationPlatforms) = postSolution
		{1C8F77BD-BBB6-A96E-2690-26EFA885904A}.Debug|Any CPU.ActiveCfg = Debug|Any CPU
		{1C8F77BD-BBB6-A96E-2690-26EFA885904A}.Debug|Any CPU.Build.0 = Debug|Any CPU
		{1C8F77BD-BBB6-A96E-2690-26EFA885904A}.Release|Any CPU.ActiveCfg = Release|Any CPU
		{1C8F77BD-BBB6-A96E-2690-26EFA885904A}.Release|Any CPU.Build.0 = Release|Any CPU
	EndGlobalSection
	GlobalSection(SolutionProperties) = preSolution
		HideSolutionNode = FALSE
	EndGlobalSection
	GlobalSection(ExtensibilityGlobals) = postSolution
		SolutionGuid = {87DE6581-66EE-4F36-AB9A-EB7DA069E328}
	EndGlobalSection
EndGlobal
