Microsoft Visual Studio Solution File, Format Version 12.00
# Visual Studio Version 17
VisualStudioVersion = 17.5.2.0
MinimumVisualStudioVersion = 10.0.40219.1
Project("{FAE04EC0-301F-11D3-BF4B-00C04F79EFBC}") = "Q3_MulTable", "Q3_MulTable.csproj", "{670EE183-1D8D-E682-B651-9A2343724AE4}"
EndProject
Global
	GlobalSection(SolutionConfigurationPlatforms) = preSolution
		Debug|Any CPU = Debug|Any CPU
		Release|Any CPU = Release|Any CPU
	EndGlobalSection
	GlobalSection(ProjectConfigurationPlatforms) = postSolution
		{670EE183-1D8D-E682-B651-9A2343724AE4}.Debug|Any CPU.ActiveCfg = Debug|Any CPU
		{670EE183-1D8D-E682-B651-9A2343724AE4}.Debug|Any CPU.Build.0 = Debug|Any CPU
		{670EE183-1D8D-E682-B651-9A2343724AE4}.Release|Any CPU.ActiveCfg = Release|Any CPU
		{670EE183-1D8D-E682-B651-9A2343724AE4}.Release|Any CPU.Build.0 = Release|Any CPU
	EndGlobalSection
	GlobalSection(SolutionProperties) = preSolution
		HideSolutionNode = FALSE
	EndGlobalSection
	GlobalSection(ExtensibilityGlobals) = postSolution
		SolutionGuid = {A4F5365F-4FFB-4249-9FDE-35553D2AE0C0}
	EndGlobalSection
EndGlobal
