Microsoft Visual Studio Solution File, Format Version 12.00
# Visual Studio Version 17
VisualStudioVersion = 17.5.2.0
MinimumVisualStudioVersion = 10.0.40219.1
Project("{FAE04EC0-301F-11D3-BF4B-00C04F79EFBC}") = "TravelTicketBookingSystem", "TravelTicketBookingSystem.csproj", "{BBA04F63-4412-87EE-363B-E40DCADA1157}"
EndProject
Global
	GlobalSection(SolutionConfigurationPlatforms) = preSolution
		Debug|Any CPU = Debug|Any CPU
		Release|Any CPU = Release|Any CPU
	EndGlobalSection
	GlobalSection(ProjectConfigurationPlatforms) = postSolution
		{BBA04F63-4412-87EE-363B-E40DCADA1157}.Debug|Any CPU.ActiveCfg = Debug|Any CPU
		{BBA04F63-4412-87EE-363B-E40DCADA1157}.Debug|Any CPU.Build.0 = Debug|Any CPU
		{BBA04F63-4412-87EE-363B-E40DCADA1157}.Release|Any CPU.ActiveCfg = Release|Any CPU
		{BBA04F63-4412-87EE-363B-E40DCADA1157}.Release|Any CPU.Build.0 = Release|Any CPU
	EndGlobalSection
	GlobalSection(SolutionProperties) = preSolution
		HideSolutionNode = FALSE
	EndGlobalSection
	GlobalSection(ExtensibilityGlobals) = postSolution
		SolutionGuid = {54FE6DDC-7693-4709-A2C4-FE522352F37B}
	EndGlobalSection
EndGlobal
