Microsoft Visual Studio Solution File, Format Version 12.00
# Visual Studio Version 17
VisualStudioVersion = 17.5.2.0
MinimumVisualStudioVersion = 10.0.40219.1
Project("{FAE04EC0-301F-11D3-BF4B-00C04F79EFBC}") = "SmartBankingSystem", "SmartBankingSystem.csproj", "{10B28B1C-33D9-7494-9DC2-DA8BA036600F}"
EndProject
Global
	GlobalSection(SolutionConfigurationPlatforms) = preSolution
		Debug|Any CPU = Debug|Any CPU
		Release|Any CPU = Release|Any CPU
	EndGlobalSection
	GlobalSection(ProjectConfigurationPlatforms) = postSolution
		{10B28B1C-33D9-7494-9DC2-DA8BA036600F}.Debug|Any CPU.ActiveCfg = Debug|Any CPU
		{10B28B1C-33D9-7494-9DC2-DA8BA036600F}.Debug|Any CPU.Build.0 = Debug|Any CPU
		{10B28B1C-33D9-7494-9DC2-DA8BA036600F}.Release|Any CPU.ActiveCfg = Release|Any CPU
		{10B28B1C-33D9-7494-9DC2-DA8BA036600F}.Release|Any CPU.Build.0 = Release|Any CPU
	EndGlobalSection
	GlobalSection(SolutionProperties) = preSolution
		HideSolutionNode = FALSE
	EndGlobalSection
	GlobalSection(ExtensibilityGlobals) = postSolution
		SolutionGuid = {909CEC34-4E3A-4FAF-9B5F-B5798CDF21D7}
	EndGlobalSection
EndGlobal
