Microsoft Visual Studio Solution File, Format Version 12.00
# Visual Studio Version 17
VisualStudioVersion = 17.5.2.0
MinimumVisualStudioVersion = 10.0.40219.1
Project("{FAE04EC0-301F-11D3-BF4B-00C04F79EFBC}") = "Q25MiniOrderSystem", "Q25MiniOrderSystem\Q25MiniOrderSystem.csproj", "{5367C2F8-3999-F1F1-6BF6-F255F7540574}"
EndProject
Global
	GlobalSection(SolutionConfigurationPlatforms) = preSolution
		Debug|Any CPU = Debug|Any CPU
		Release|Any CPU = Release|Any CPU
	EndGlobalSection
	GlobalSection(ProjectConfigurationPlatforms) = postSolution
		{5367C2F8-3999-F1F1-6BF6-F255F7540574}.Debug|Any CPU.ActiveCfg = Debug|Any CPU
		{5367C2F8-3999-F1F1-6BF6-F255F7540574}.Debug|Any CPU.Build.0 = Debug|Any CPU
		{5367C2F8-3999-F1F1-6BF6-F255F7540574}.Release|Any CPU.ActiveCfg = Release|Any CPU
		{5367C2F8-3999-F1F1-6BF6-F255F7540574}.Release|Any CPU.Build.0 = Release|Any CPU
	EndGlobalSection
	GlobalSection(SolutionProperties) = preSolution
		HideSolutionNode = FALSE
	EndGlobalSection
	GlobalSection(ExtensibilityGlobals) = postSolution
		SolutionGuid = {225F6828-C222-4527-B78C-D10031EC6A42}
	EndGlobalSection
EndGlobal
