Microsoft Visual Studio Solution File, Format Version 12.00
# Visual Studio Version 17
VisualStudioVersion = 17.5.2.0
MinimumVisualStudioVersion = 10.0.40219.1
Project("{FAE04EC0-301F-11D3-BF4B-00C04F79EFBC}") = "Q7_ConstructionEstimate", "Q7_ConstructionEstimate.csproj", "{9B6F3568-F01F-26C2-5AE8-73A2AED780EE}"
EndProject
Global
	GlobalSection(SolutionConfigurationPlatforms) = preSolution
		Debug|Any CPU = Debug|Any CPU
		Release|Any CPU = Release|Any CPU
	EndGlobalSection
	GlobalSection(ProjectConfigurationPlatforms) = postSolution
		{9B6F3568-F01F-26C2-5AE8-73A2AED780EE}.Debug|Any CPU.ActiveCfg = Debug|Any CPU
		{9B6F3568-F01F-26C2-5AE8-73A2AED780EE}.Debug|Any CPU.Build.0 = Debug|Any CPU
		{9B6F3568-F01F-26C2-5AE8-73A2AED780EE}.Release|Any CPU.ActiveCfg = Release|Any CPU
		{9B6F3568-F01F-26C2-5AE8-73A2AED780EE}.Release|Any CPU.Build.0 = Release|Any CPU
	EndGlobalSection
	GlobalSection(SolutionProperties) = preSolution
		HideSolutionNode = FALSE
	EndGlobalSection
	GlobalSection(ExtensibilityGlobals) = postSolution
		SolutionGuid = {545D6DFB-78E7-47E1-9C1B-FB651E54A7DC}
	EndGlobalSection
EndGlobal
