Microsoft Visual Studio Solution File, Format Version 12.00
# Visual Studio Version 17
VisualStudioVersion = 17.5.2.0
MinimumVisualStudioVersion = 10.0.40219.1
Project("{FAE04EC0-301F-11D3-BF4B-00C04F79EFBC}") = "DigitalPettyCashLe", "DigitalPettyCashLe\DigitalPettyCashLe.csproj", "{207D6844-5C88-6EC9-A3E4-86119C96C9AB}"
EndProject
Global
	GlobalSection(SolutionConfigurationPlatforms) = preSolution
		Debug|Any CPU = Debug|Any CPU
		Release|Any CPU = Release|Any CPU
	EndGlobalSection
	GlobalSection(ProjectConfigurationPlatforms) = postSolution
		{207D6844-5C88-6EC9-A3E4-86119C96C9AB}.Debug|Any CPU.ActiveCfg = Debug|Any CPU
		{207D6844-5C88-6EC9-A3E4-86119C96C9AB}.Debug|Any CPU.Build.0 = Debug|Any CPU
		{207D6844-5C88-6EC9-A3E4-86119C96C9AB}.Release|Any CPU.ActiveCfg = Release|Any CPU
		{207D6844-5C88-6EC9-A3E4-86119C96C9AB}.Release|Any CPU.Build.0 = Release|Any CPU
	EndGlobalSection
	GlobalSection(SolutionProperties) = preSolution
		HideSolutionNode = FALSE
	EndGlobalSection
	GlobalSection(ExtensibilityGlobals) = postSolution
		SolutionGuid = {1D3A3F50-3836-44D8-840C-D9FD7B308D2A}
	EndGlobalSection
EndGlobal
