Microsoft Visual Studio Solution File, Format Version 12.00
# Visual Studio Version 17
VisualStudioVersion = 17.5.2.0
MinimumVisualStudioVersion = 10.0.40219.1
Project("{FAE04EC0-301F-11D3-BF4B-00C04F79EFBC}") = "01_PharmacyMedicineSystem", "01_PharmacyMedicineSystem.csproj", "{EC67CC50-3B3E-FBF1-4056-E47594FD3266}"
EndProject
Global
	GlobalSection(SolutionConfigurationPlatforms) = preSolution
		Debug|Any CPU = Debug|Any CPU
		Release|Any CPU = Release|Any CPU
	EndGlobalSection
	GlobalSection(ProjectConfigurationPlatforms) = postSolution
		{EC67CC50-3B3E-FBF1-4056-E47594FD3266}.Debug|Any CPU.ActiveCfg = Debug|Any CPU
		{EC67CC50-3B3E-FBF1-4056-E47594FD3266}.Debug|Any CPU.Build.0 = Debug|Any CPU
		{EC67CC50-3B3E-FBF1-4056-E47594FD3266}.Release|Any CPU.ActiveCfg = Release|Any CPU
		{EC67CC50-3B3E-FBF1-4056-E47594FD3266}.Release|Any CPU.Build.0 = Release|Any CPU
	EndGlobalSection
	GlobalSection(SolutionProperties) = preSolution
		HideSolutionNode = FALSE
	EndGlobalSection
	GlobalSection(ExtensibilityGlobals) = postSolution
		SolutionGuid = {50E0B394-B014-4F0A-A861-622BE7BEB46F}
	EndGlobalSection
EndGlobal
